<Solution>
  <Folder Name="/Task0./">
    <Project Path="ConsoleApp1/Tyuiu.BraychenkoMM.Sprint0.Task0.V0.csproj" Id="86eafa97-5c2e-4ceb-a384-17270b7aa59b" />
  </Folder>
  <Folder Name="/Task1./">
    <Project Path="Tyuiu.BraychenkoMM.Sprint0.Task1.V0/Tyuiu.BraychenkoMM.Sprint0.Task1.V0.csproj" Id="fe6de007-084c-414b-a52b-6fc4ac989833" />
  </Folder>
  <Folder Name="/Task2./">
    <Project Path="Tyuiu.BraychenkoMM.Sprint0.Task2.V0.Lib/Tyuiu.BraychenkoMM.Sprint0.Task2.V0.Lib.csproj" Id="eaee24eb-9967-415a-958b-24cd4d600e31" />
    <Project Path="Tyuiu.BraychenkoMM.Sprint0.Task2.V0.Test/Tyuiu.BraychenkoMM.Sprint0.Task2.V0.Test.csproj" Id="9860a5d1-da62-4261-87d4-88ccdf61845d" />
    <Project Path="Tyuiu.BraychenkoMM.Sprint0.Task2.V0/Tyuiu.BraychenkoMM.Sprint0.Task2.V0.csproj" Id="04679d5b-0d2a-4089-9200-7c015d3f438c" />
  </Folder>
  <Folder Name="/Task3./">
    <Project Path="Tyuiu.BraychenkoMM.Sprint0.Task3.V0.Lib/Tyuiu.BraychenkoMM.Sprint0.Task3.V0.Lib.csproj" Id="654a3945-5a42-4b05-bdd2-fee9734131d7" />
    <Project Path="Tyuiu.BraychenkoMM.Sprint0.Task3.V0.Test/Tyuiu.BraychenkoMM.Sprint0.Task3.V0.Test.csproj" Id="0ddf11da-ba1f-40c4-a23b-673d34d681d3" />
    <Project Path="Tyuiu.BraychenkoMM.Sprint0.Task3.V0/Tyuiu.BraychenkoMM.Sprint0.Task3.V0.csproj" Id="f3a570e7-b4f7-45b1-a725-22e82af4d6c7" />
  </Folder>
  <Folder Name="/Task4./">
    <Project Path="Tyuiu.BraychenkoMM.Sprint0.Task4.V0.Lib/Tyuiu.BraychenkoMM.Sprint0.Task4.V0.Lib.csproj" Id="f6a0f686-2052-4bea-b303-32a5462cd5b6" />
    <Project Path="Tyuiu.BraychenkoMM.Sprint0.Task4.V0.Test/Tyuiu.BraychenkoMM.Sprint0.Task4.V0.Test.csproj" Id="2c62d71e-cd07-42aa-8d26-564581e0ae51" />
    <Project Path="Tyuiu.BraychenkoMM.Sprint0.Task4.V0/Tyuiu.BraychenkoMM.Sprint0.Task4.V0.csproj" Id="673c075a-1478-4ee6-aebb-68eeb5c9475e" />
  </Folder>
  <Folder Name="/Task5./">
    <Project Path="Tyuiu.BraychenkoMM.Sprint0.Task5.V0.Lib/Tyuiu.BraychenkoMM.Sprint0.Task5.V0.Lib.csproj" Id="e274bb25-d1ab-4fa2-996b-c05b416e9602" />
    <Project Path="Tyuiu.BraychenkoMM.Sprint0.Task5.V0.Test/Tyuiu.BraychenkoMM.Sprint0.Task5.V0.Test.csproj" Id="9e20ff63-a61a-4444-bf77-cbf1e502d7e4" />
    <Project Path="Tyuiu.BraychenkoMM.Sprint0.Task5.V0/Tyuiu.BraychenkoMM.Sprint0.Task5.V0.csproj" Id="396f8379-3b6e-4f3b-a8bd-bef3e837ac08" />
  </Folder>
  <Folder Name="/Task6./">
    <Project Path="Tyuiu.BraychenkoMM.Sprint0.Task6.V0.Lib/Tyuiu.BraychenkoMM.Sprint0.Task6.V0.Lib.csproj" Id="1d5d6564-f7d7-4120-a50e-17c035430664" />
    <Project Path="Tyuiu.BraychenkoMM.Sprint0.Task6.V0.Test/Tyuiu.BraychenkoMM.Sprint0.Task6.V0.Test.csproj" Id="3619437a-b7cd-49eb-bcc1-4b04974bcff9" />
    <Project Path="Tyuiu.BraychenkoMM.Sprint0.Task6.V0/Tyuiu.BraychenkoMM.Sprint0.Task6.V0.csproj" Id="6f86c7e7-f999-4d0a-9d7e-74f7d2751148" />
  </Folder>
  <Folder Name="/Task7./">
    <Project Path="Tyuiu.BraychenkoMM.Sprint0.Task7.V0.Lib/Tyuiu.BraychenkoMM.Sprint0.Task7.V0.Lib.csproj" Id="b31ce006-fe97-4499-bbbe-4261f04468a5" />
    <Project Path="Tyuiu.BraychenkoMM.Sprint0.Task7.V0.Test/Tyuiu.BraychenkoMM.Sprint0.Task7.V0.Test.csproj" Id="286b8193-092c-4d89-acb6-c29469dc6003" />
    <Project Path="Tyuiu.BraychenkoMM.Sprint0.Task7.V0/Tyuiu.BraychenkoMM.Sprint0.Task7.V0.csproj" Id="ae675e90-2690-4600-9bbe-a3184485f6e5" />
  </Folder>
</Solution>
